
Microsoft Visual Studio Solution File, Format Version 12.00
# Visual Studio Version 17
VisualStudioVersion = 17.14.37328.6
MinimumVisualStudioVersion = 10.0.40219.1
Project("{8BC9CEB8-8B4A-11D0-8D11-00A0C91BC942}") = "DRC1200", "DRC1200.vcxproj", "{1185CE56-DA61-49D5-9BEE-9870DCDD03E9}"
EndProject
Project("{54435603-DBB4-11D2-8724-00A0C9A8B90C}") = "DRC1200_Setup", "DRC1200_Setup\DRC1200_Setup.vdproj", "{C3BFBE9F-49D4-05E7-E157-55A345391614}"
EndProject
Global
	GlobalSection(SolutionConfigurationPlatforms) = preSolution
		Debug|Win32 = Debug|Win32
		Debug|x64 = Debug|x64
		Debug|x86 = Debug|x86
		DLL Debug|Win32 = DLL Debug|Win32
		DLL Debug|x64 = DLL Debug|x64
		DLL Debug|x86 = DLL Debug|x86
		DLL Release|Win32 = DLL Release|Win32
		DLL Release|x64 = DLL Release|x64
		DLL Release|x86 = DLL Release|x86
		Release|Win32 = Release|Win32
		Release|x64 = Release|x64
		Release|x86 = Release|x86
	EndGlobalSection
	GlobalSection(ProjectConfigurationPlatforms) = postSolution
		{1185CE56-DA61-49D5-9BEE-9870DCDD03E9}.Debug|Win32.ActiveCfg = Debug|Win32
		{1185CE56-DA61-49D5-9BEE-9870DCDD03E9}.Debug|Win32.Build.0 = Debug|Win32
		{1185CE56-DA61-49D5-9BEE-9870DCDD03E9}.Debug|x64.ActiveCfg = Debug|x64
		{1185CE56-DA61-49D5-9BEE-9870DCDD03E9}.Debug|x64.Build.0 = Debug|x64
		{1185CE56-DA61-49D5-9BEE-9870DCDD03E9}.Debug|x86.ActiveCfg = Debug|Win32
		{1185CE56-DA61-49D5-9BEE-9870DCDD03E9}.Debug|x86.Build.0 = Debug|Win32
		{1185CE56-DA61-49D5-9BEE-9870DCDD03E9}.DLL Debug|Win32.ActiveCfg = Debug|Win32
		{1185CE56-DA61-49D5-9BEE-9870DCDD03E9}.DLL Debug|Win32.Build.0 = Debug|Win32
		{1185CE56-DA61-49D5-9BEE-9870DCDD03E9}.DLL Debug|x64.ActiveCfg = Debug|x64
		{1185CE56-DA61-49D5-9BEE-9870DCDD03E9}.DLL Debug|x64.Build.0 = Debug|x64
		{1185CE56-DA61-49D5-9BEE-9870DCDD03E9}.DLL Debug|x86.ActiveCfg = Debug|Win32
		{1185CE56-DA61-49D5-9BEE-9870DCDD03E9}.DLL Debug|x86.Build.0 = Debug|Win32
		{1185CE56-DA61-49D5-9BEE-9870DCDD03E9}.DLL Release|Win32.ActiveCfg = Release|Win32
		{1185CE56-DA61-49D5-9BEE-9870DCDD03E9}.DLL Release|Win32.Build.0 = Release|Win32
		{1185CE56-DA61-49D5-9BEE-9870DCDD03E9}.DLL Release|x64.ActiveCfg = Release|x64
		{1185CE56-DA61-49D5-9BEE-9870DCDD03E9}.DLL Release|x64.Build.0 = Release|x64
		{1185CE56-DA61-49D5-9BEE-9870DCDD03E9}.DLL Release|x86.ActiveCfg = Release|Win32
		{1185CE56-DA61-49D5-9BEE-9870DCDD03E9}.DLL Release|x86.Build.0 = Release|Win32
		{1185CE56-DA61-49D5-9BEE-9870DCDD03E9}.Release|Win32.ActiveCfg = Release|Win32
		{1185CE56-DA61-49D5-9BEE-9870DCDD03E9}.Release|Win32.Build.0 = Release|Win32
		{1185CE56-DA61-49D5-9BEE-9870DCDD03E9}.Release|x64.ActiveCfg = Release|x64
		{1185CE56-DA61-49D5-9BEE-9870DCDD03E9}.Release|x64.Build.0 = Release|x64
		{1185CE56-DA61-49D5-9BEE-9870DCDD03E9}.Release|x86.ActiveCfg = Release|Win32
		{1185CE56-DA61-49D5-9BEE-9870DCDD03E9}.Release|x86.Build.0 = Release|Win32
		{C3BFBE9F-49D4-05E7-E157-55A345391614}.Debug|Win32.ActiveCfg = Debug
		{C3BFBE9F-49D4-05E7-E157-55A345391614}.Debug|x64.ActiveCfg = Debug
		{C3BFBE9F-49D4-05E7-E157-55A345391614}.Debug|x86.ActiveCfg = Debug
		{C3BFBE9F-49D4-05E7-E157-55A345391614}.DLL Debug|Win32.ActiveCfg = Debug
		{C3BFBE9F-49D4-05E7-E157-55A345391614}.DLL Debug|x64.ActiveCfg = Debug
		{C3BFBE9F-49D4-05E7-E157-55A345391614}.DLL Debug|x86.ActiveCfg = Debug
		{C3BFBE9F-49D4-05E7-E157-55A345391614}.DLL Release|Win32.ActiveCfg = Release
		{C3BFBE9F-49D4-05E7-E157-55A345391614}.DLL Release|x64.ActiveCfg = Release
		{C3BFBE9F-49D4-05E7-E157-55A345391614}.DLL Release|x86.ActiveCfg = Release
		{C3BFBE9F-49D4-05E7-E157-55A345391614}.Release|Win32.ActiveCfg = Release
		{C3BFBE9F-49D4-05E7-E157-55A345391614}.Release|x64.ActiveCfg = Release
		{C3BFBE9F-49D4-05E7-E157-55A345391614}.Release|x86.ActiveCfg = Release
	EndGlobalSection
	GlobalSection(SolutionProperties) = preSolution
		HideSolutionNode = FALSE
	EndGlobalSection
	GlobalSection(ExtensibilityGlobals) = postSolution
		SolutionGuid = {7610E76F-8153-49E7-9832-296D1831EE5B}
	EndGlobalSection
EndGlobal
